PODS:
  - app_links (7.0.0):
    - Flutter
  - Flutter (1.0.0)
  - isar_community_flutter_libs (1.0.0):
    - Flutter
  - mobile_scanner (7.0.0):
    - Flutter
    - FlutterMacOS
  - nfc_manager (0.0.1):
    - Flutter
  - objective_c (0.0.1):
    - Flutter
  - path_provider_foundation (0.0.1):
    - Flutter
    - FlutterMacOS
  - thermion_flutter (0.0.1):
    - Flutter
    - FlutterMacOS

DEPENDENCIES:
  - app_links (from `.symlinks/plugins/app_links/ios`)
  - Flutter (from `Flutter`)
  - isar_community_flutter_libs (from `.symlinks/plugins/isar_community_flutter_libs/ios`)
  - mobile_scanner (from `.symlinks/plugins/mobile_scanner/darwin`)
  - nfc_manager (from `.symlinks/plugins/nfc_manager/ios`)
  - objective_c (from `.symlinks/plugins/objective_c/ios`)
  - path_provider_foundation (from `.symlinks/plugins/path_provider_foundation/darwin`)
  - thermion_flutter (from `.symlinks/plugins/thermion_flutter/darwin`)

EXTERNAL SOURCES:
  app_links:
    :path: ".symlinks/plugins/app_links/ios"
  Flutter:
    :path: Flutter
  isar_community_flutter_libs:
    :path: ".symlinks/plugins/isar_community_flutter_libs/ios"
  mobile_scanner:
    :path: ".symlinks/plugins/mobile_scanner/darwin"
  nfc_manager:
    :path: ".symlinks/plugins/nfc_manager/ios"
  objective_c:
    :path: ".symlinks/plugins/objective_c/ios"
  path_provider_foundation:
    :path: ".symlinks/plugins/path_provider_foundation/darwin"
  thermion_flutter:
    :path: ".symlinks/plugins/thermion_flutter/darwin"

SPEC CHECKSUMS:
  app_links: a754cbec3c255bd4bbb4d236ecc06f28cd9a7ce8
  Flutter: cabc95a1d2626b1b06e7179b784ebcf0c0cde467
  isar_community_flutter_libs: bede843185a61a05ff364a05c9b23209523f7e0d
  mobile_scanner: 9157936403f5a0644ca3779a38ff8404c5434a93
  nfc_manager: 8439e997f8ed801c15d5a79045fb18c562bf6efc
  objective_c: 89e720c30d716b036faf9c9684022048eee1eee2
  path_provider_foundation: bb55f6dbba17d0dccd6737fe6f7f34fbd0376880
  thermion_flutter: ba41c1b6232890a4fd49d63e82b6d1679d8c2c26

PODFILE CHECKSUM: 3c63482e143d1b91d2d2560aee9fb04ecc74ac7e

COCOAPODS: 1.16.2
